
Microsoft Visual Studio Solution File, Format Version 12.00
# Visual Studio 15
VisualStudioVersion = 15.0.26730.16
MinimumVisualStudioVersion = 10.0.40219.1
Project("{FAE04EC0-301F-11D3-BF4B-00C04F79EFBC}") = "BananaSnake", "BananaSnake\BananaSnake.csproj", "{9C674830-BA14-4C18-AD5A-1B45A90C4767}"
EndProject
Project("{FAE04EC0-301F-11D3-BF4B-00C04F79EFBC}") = "TestsControleConsole", "TestsControleConsole\TestsControleConsole.csproj", "{C2DCFBB1-B513-4A39-B238-092290278BE0}"
EndProject
Global
	GlobalSection(SolutionConfigurationPlatforms) = preSolution
		Debug|Any CPU = Debug|Any CPU
		Release|Any CPU = Release|Any CPU
	EndGlobalSection
	GlobalSection(ProjectConfigurationPlatforms) = postSolution
		{9C674830-BA14-4C18-AD5A-1B45A90C4767}.Debug|Any CPU.ActiveCfg = Debug|Any CPU
		{9C674830-BA14-4C18-AD5A-1B45A90C4767}.Debug|Any CPU.Build.0 = Debug|Any CPU
		{9C674830-BA14-4C18-AD5A-1B45A90C4767}.Release|Any CPU.ActiveCfg = Release|Any CPU
		{9C674830-BA14-4C18-AD5A-1B45A90C4767}.Release|Any CPU.Build.0 = Release|Any CPU
		{C2DCFBB1-B513-4A39-B238-092290278BE0}.Debug|Any CPU.ActiveCfg = Debug|Any CPU
		{C2DCFBB1-B513-4A39-B238-092290278BE0}.Debug|Any CPU.Build.0 = Debug|Any CPU
		{C2DCFBB1-B513-4A39-B238-092290278BE0}.Release|Any CPU.ActiveCfg = Release|Any CPU
		{C2DCFBB1-B513-4A39-B238-092290278BE0}.Release|Any CPU.Build.0 = Release|Any CPU
	EndGlobalSection
	GlobalSection(SolutionProperties) = preSolution
		HideSolutionNode = FALSE
	EndGlobalSection
	GlobalSection(ExtensibilityGlobals) = postSolution
		SolutionGuid = {2FA16F7C-4117-4B9A-954B-7102F3064679}
	EndGlobalSection
EndGlobal
